// !$*UTF8*$!
{
	archiveVersion = 1;
	classes = {
	};
	objectVersion = 46;
	objects = {

/* Begin PBXBuildFile section */
		D5B451801CAE60B800713157 /* main.m in Sources */ = {isa = PBXBuildFile; fileRef = D5B4517F1CAE60B800713157 /* main.m */; };
		D5B451831CAE60B800713157 /* AppDelegate.m in Sources */ = {isa = PBXBuildFile; fileRef = D5B451821CAE60B800713157 /* AppDelegate.m */; };
		D5B451861CAE60B800713157 /* ViewController.m in Sources */ = {isa = PBXBuildFile; fileRef = D5B451851CAE60B800713157 /* ViewController.m */; };
		D5B451891CAE60B800713157 /* Main.storyboard in Resources */ = {isa = PBXBuildFile; fileRef = D5B451871CAE60B800713157 /* Main.storyboard */; };
		D5B4518B1CAE60B800713157 /* Assets.xcassets in Resources */ = {isa = PBXBuildFile; fileRef = D5B4518A1CAE60B800713157 /* Assets.xcassets */; };
		D5B4518E1CAE60B800713157 /* LaunchScreen.storyboard in Resources */ = {isa = PBXBuildFile; fileRef = D5B4518C1CAE60B800713157 /* LaunchScreen.storyboard */; };
		D5B451991CAE60B800713157 /* _0160401004_CoreAnimation_CAAnimationGroupTests.m in Sources */ = {isa = PBXBuildFile; fileRef = D5B451981CAE60B800713157 /* _0160401004_CoreAnimation_CAAnimationGroupTests.m */; };
		D5B451A41CAE60B800713157 /* _0160401004_CoreAnimation_CAAnimationGroupUITests.m in Sources */ = {isa = PBXBuildFile; fileRef = D5B451A31CAE60B800713157 /* _0160401004_CoreAnimation_CAAnimationGroupUITests.m */; };
/* End PBXBuildFile section */

/* Begin PBXContainerItemProxy section */
		D5B451951CAE60B800713157 /* PBXContainerItemProxy */ = {
			isa = PBXContainerItemProxy;
			containerPortal = D5B451731CAE60B800713157 /* Project object */;
			proxyType = 1;
			remoteGlobalIDString = D5B4517A1CAE60B800713157;
			remoteInfo = "20160401004-CoreAnimation-CAAnimationGroup";
		};
		D5B451A01CAE60B800713157 /* PBXContainerItemProxy */ = {
			isa = PBXContainerItemProxy;
			containerPortal = D5B451731CAE60B800713157 /* Project object */;
			proxyType = 1;
			remoteGlobalIDString = D5B4517A1CAE60B800713157;
			remoteInfo = "20160401004-CoreAnimation-CAAnimationGroup";
		};
/* End PBXContainerItemProxy section */

/* Begin PBXFileReference section */
		D5B4517B1CAE60B800713157 /* 20160401004-CoreAnimation-CAAnimationGroup.app */ = {isa = PBXFileReference; explicitFileType = wrapper.application; includeInIndex = 0; path = "20160401004-CoreAnimation-CAAnimationGroup.app"; sourceTree = BUILT_PRODUCTS_DIR; };
		D5B4517F1CAE60B800713157 /* main.m */ = {isa = PBXFileReference; lastKnownFileType = sourcecode.c.objc; path = main.m; sourceTree = "<group>"; };
		D5B451811CAE60B800713157 /* AppDelegate.h */ = {isa = PBXFileReference; lastKnownFileType = sourcecode.c.h; path = AppDelegate.h; sourceTree = "<group>"; };
		D5B451821CAE60B800713157 /* AppDelegate.m */ = {isa = PBXFileReference; lastKnownFileType = sourcecode.c.objc; path = AppDelegate.m; sourceTree = "<group>"; };
		D5B451841CAE60B800713157 /* ViewController.h */ = {isa = PBXFileReference; lastKnownFileType = sourcecode.c.h; path = ViewController.h; sourceTree = "<group>"; };
		D5B451851CAE60B800713157 /* ViewController.m */ = {isa = PBXFileReference; lastKnownFileType = sourcecode.c.objc; path = ViewController.m; sourceTree = "<group>"; };
		D5B451881CAE60B800713157 /* Base */ = {isa = PBXFileReference; lastKnownFileType = file.storyboard; name = Base; path = Base.lproj/Main.storyboard; sourceTree = "<group>"; };
		D5B4518A1CAE60B800713157 /* Assets.xcassets */ = {isa = PBXFileReference; lastKnownFileType = folder.assetcatalog; path = Assets.xcassets; sourceTree = "<group>"; };
		D5B4518D1CAE60B800713157 /* Base */ = {isa = PBXFileReference; lastKnownFileType = file.storyboard; name = Base; path = Base.lproj/LaunchScreen.storyboard; sourceTree = "<group>"; };
		D5B4518F1CAE60B800713157 /* Info.plist */ = {isa = PBXFileReference; lastKnownFileType = text.plist.xml; path = Info.plist; sourceTree = "<group>"; };
		D5B451941CAE60B800713157 /* 20160401004-CoreAnimation-CAAnimationGroupTests.xctest */ = {isa = PBXFileReference; explicitFileType = wrapper.cfbundle; includeInIndex = 0; path = "20160401004-CoreAnimation-CAAnimationGroupTests.xctest"; sourceTree = BUILT_PRODUCTS_DIR; };
		D5B451981CAE60B800713157 /* _0160401004_CoreAnimation_CAAnimationGroupTests.m */ = {isa = PBXFileReference; lastKnownFileType = sourcecode.c.objc; path = _0160401004_CoreAnimation_CAAnimationGroupTests.m; sourceTree = "<group>"; };
		D5B4519A1CAE60B800713157 /* Info.plist */ = {isa = PBXFileReference; lastKnownFileType = text.plist.xml; path = Info.plist; sourceTree = "<group>"; };
		D5B4519F1CAE60B800713157 /* 20160401004-CoreAnimation-CAAnimationGroupUITests.xctest */ = {isa = PBXFileReference; explicitFileType = wrapper.cfbundle; includeInIndex = 0; path = "20160401004-CoreAnimation-CAAnimationGroupUITests.xctest"; sourceTree = BUILT_PRODUCTS_DIR; };
		D5B451A31CAE60B800713157 /* _0160401004_CoreAnimation_CAAnimationGroupUITests.m */ = {isa = PBXFileReference; lastKnownFileType = sourcecode.c.objc; path = _0160401004_CoreAnimation_CAAnimationGroupUITests.m; sourceTree = "<group>"; };
		D5B451A51CAE60B800713157 /* Info.plist */ = {isa = PBXFileReference; lastKnownFileType = text.plist.xml; path = Info.plist; sourceTree = "<group>"; };
/* End PBXFileReference section */

/* Begin PBXFrameworksBuildPhase section */
		D5B451781CAE60B800713157 /* Frameworks */ = {
			isa = PBXFrameworksBuildPhase;
			buildActionMask = 2147483647;
			files = (
			);
			runOnlyForDeploymentPostprocessing = 0;
		};
		D5B451911CAE60B800713157 /* Frameworks */ = {
			isa = PBXFrameworksBuildPhase;
			buildActionMask = 2147483647;
			files = (
			);
			runOnlyForDeploymentPostprocessing = 0;
		};
		D5B4519C1CAE60B800713157 /* Frameworks */ = {
			isa = PBXFrameworksBuildPhase;
			buildActionMask = 2147483647;
			files = (
			);
			runOnlyForDeploymentPostprocessing = 0;
		};
/* End PBXFrameworksBuildPhase section */

/* Begin PBXGroup section */
		D5B451721CAE60B800713157 = {
			isa = PBXGroup;
			children = (
				D5B4517D1CAE60B800713157 /* 20160401004-CoreAnimation-CAAnimationGroup */,
				D5B451971CAE60B800713157 /* 20160401004-CoreAnimation-CAAnimationGroupTests */,
				D5B451A21CAE60B800713157 /* 20160401004-CoreAnimation-CAAnimationGroupUITests */,
				D5B4517C1CAE60B800713157 /* Products */,
			);
			sourceTree = "<group>";
		};
		D5B4517C1CAE60B800713157 /* Products */ = {
			isa = PBXGroup;
			children = (
				D5B4517B1CAE60B800713157 /* 20160401004-CoreAnimation-CAAnimationGroup.app */,
				D5B451941CAE60B800713157 /* 20160401004-CoreAnimation-CAAnimationGroupTests.xctest */,
				D5B4519F1CAE60B800713157 /* 20160401004-CoreAnimation-CAAnimationGroupUITests.xctest */,
			);
			name = Products;
			sourceTree = "<group>";
		};
		D5B4517D1CAE60B800713157 /* 20160401004-CoreAnimation-CAAnimationGroup */ = {
			isa = PBXGroup;
			children = (
				D5B451811CAE60B800713157 /* AppDelegate.h */,
				D5B451821CAE60B800713157 /* AppDelegate.m */,
				D5B451841CAE60B800713157 /* ViewController.h */,
				D5B451851CAE60B800713157 /* ViewController.m */,
				D5B451871CAE60B800713157 /* Main.storyboard */,
				D5B4518A1CAE60B800713157 /* Assets.xcassets */,
				D5B4518C1CAE60B800713157 /* LaunchScreen.storyboard */,
				D5B4518F1CAE60B800713157 /* Info.plist */,
				D5B4517E1CAE60B800713157 /* Supporting Files */,
			);
			path = "20160401004-CoreAnimation-CAAnimationGroup";
			sourceTree = "<group>";
		};
		D5B4517E1CAE60B800713157 /* Supporting Files */ = {
			isa = PBXGroup;
			children = (
				D5B4517F1CAE60B800713157 /* main.m */,
			);
			name = "Supporting Files";
			sourceTree = "<group>";
		};
		D5B451971CAE60B800713157 /* 20160401004-CoreAnimation-CAAnimationGroupTests */ = {
			isa = PBXGroup;
			children = (
				D5B451981CAE60B800713157 /* _0160401004_CoreAnimation_CAAnimationGroupTests.m */,
				D5B4519A1CAE60B800713157 /* Info.plist */,
			);
			path = "20160401004-CoreAnimation-CAAnimationGroupTests";
			sourceTree = "<group>";
		};
		D5B451A21CAE60B800713157 /* 20160401004-CoreAnimation-CAAnimationGroupUITests */ = {
			isa = PBXGroup;
			children = (
				D5B451A31CAE60B800713157 /* _0160401004_CoreAnimation_CAAnimationGroupUITests.m */,
				D5B451A51CAE60B800713157 /* Info.plist */,
			);
			path = "20160401004-CoreAnimation-CAAnimationGroupUITests";
			sourceTree = "<group>";
		};
/* End PBXGroup section */

/* Begin PBXNativeTarget section */
		D5B4517A1CAE60B800713157 /* 20160401004-CoreAnimation-CAAnimationGroup */ = {
			isa = PBXNativeTarget;
			buildConfigurationList = D5B451A81CAE60B800713157 /* Build configuration list for PBXNativeTarget "20160401004-CoreAnimation-CAAnimationGroup" */;
			buildPhases = (
				D5B451771CAE60B800713157 /* Sources */,
				D5B451781CAE60B800713157 /* Frameworks */,
				D5B451791CAE60B800713157 /* Resources */,
			);
			buildRules = (
			);
			dependencies = (
			);
			name = "20160401004-CoreAnimation-CAAnimationGroup";
			productName = "20160401004-CoreAnimation-CAAnimationGroup";
			productReference = D5B4517B1CAE60B800713157 /* 20160401004-CoreAnimation-CAAnimationGroup.app */;
			productType = "com.apple.product-type.application";
		};
		D5B451931CAE60B800713157 /* 20160401004-CoreAnimation-CAAnimationGroupTests */ = {
			isa = PBXNativeTarget;
			buildConfigurationList = D5B451AB1CAE60B800713157 /* Build configuration list for PBXNativeTarget "20160401004-CoreAnimation-CAAnimationGroupTests" */;
			buildPhases = (
				D5B451901CAE60B800713157 /* Sources */,
				D5B451911CAE60B800713157 /* Frameworks */,
				D5B451921CAE60B800713157 /* Resources */,
			);
			buildRules = (
			);
			dependencies = (
				D5B451961CAE60B800713157 /* PBXTargetDependency */,
			);
			name = "20160401004-CoreAnimation-CAAnimationGroupTests";
			productName = "20160401004-CoreAnimation-CAAnimationGroupTests";
			productReference = D5B451941CAE60B800713157 /* 20160401004-CoreAnimation-CAAnimationGroupTests.xctest */;
			productType = "com.apple.product-type.bundle.unit-test";
		};
		D5B4519E1CAE60B800713157 /* 20160401004-CoreAnimation-CAAnimationGroupUITests */ = {
			isa = PBXNativeTarget;
			buildConfigurationList = D5B451AE1CAE60B800713157 /* Build configuration list for PBXNativeTarget "20160401004-CoreAnimation-CAAnimationGroupUITests" */;
			buildPhases = (
				D5B4519B1CAE60B800713157 /* Sources */,
				D5B4519C1CAE60B800713157 /* Frameworks */,
				D5B4519D1CAE60B800713157 /* Resources */,
			);
			buildRules = (
			);
			dependencies = (
				D5B451A11CAE60B800713157 /* PBXTargetDependency */,
			);
			name = "20160401004-CoreAnimation-CAAnimationGroupUITests";
			productName = "20160401004-CoreAnimation-CAAnimationGroupUITests";
			productReference = D5B4519F1CAE60B800713157 /* 20160401004-CoreAnimation-CAAnimationGroupUITests.xctest */;
			productType = "com.apple.product-type.bundle.ui-testing";
		};
/* End PBXNativeTarget section */

/* Begin PBXProject section */
		D5B451731CAE60B800713157 /* Project object */ = {
			isa = PBXProject;
			attributes = {
				LastUpgradeCheck = 0730;
				ORGANIZATIONNAME = Rainer;
				TargetAttributes = {
					D5B4517A1CAE60B800713157 = {
						CreatedOnToolsVersion = 7.3;
					};
					D5B451931CAE60B800713157 = {
						CreatedOnToolsVersion = 7.3;
						TestTargetID = D5B4517A1CAE60B800713157;
					};
					D5B4519E1CAE60B800713157 = {
						CreatedOnToolsVersion = 7.3;
						TestTargetID = D5B4517A1CAE60B800713157;
					};
				};
			};
			buildConfigurationList = D5B451761CAE60B800713157 /* Build configuration list for PBXProject "20160401004-CoreAnimation-CAAnimationGroup" */;
			compatibilityVersion = "Xcode 3.2";
			developmentRegion = English;
			hasScannedForEncodings = 0;
			knownRegions = (
				en,
				Base,
			);
			mainGroup = D5B451721CAE60B800713157;
			productRefGroup = D5B4517C1CAE60B800713157 /* Products */;
			projectDirPath = "";
			projectRoot = "";
			targets = (
				D5B4517A1CAE60B800713157 /* 20160401004-CoreAnimation-CAAnimationGroup */,
				D5B451931CAE60B800713157 /* 20160401004-CoreAnimation-CAAnimationGroupTests */,
				D5B4519E1CAE60B800713157 /* 20160401004-CoreAnimation-CAAnimationGroupUITests */,
			);
		};
/* End PBXProject section */

/* Begin PBXResourcesBuildPhase section */
		D5B451791CAE60B800713157 /* Resources */ = {
			isa = PBXResourcesBuildPhase;
			buildActionMask = 2147483647;
			files = (
				D5B4518E1CAE60B800713157 /* LaunchScreen.storyboard in Resources */,
				D5B4518B1CAE60B800713157 /* Assets.xcassets in Resources */,
				D5B451891CAE60B800713157 /* Main.storyboard in Resources */,
			);
			runOnlyForDeploymentPostprocessing = 0;
		};
		D5B451921CAE60B800713157 /* Resources */ = {
			isa = PBXResourcesBuildPhase;
			buildActionMask = 2147483647;
			files = (
			);
			runOnlyForDeploymentPostprocessing = 0;
		};
		D5B4519D1CAE60B800713157 /* Resources */ = {
			isa = PBXResourcesBuildPhase;
			buildActionMask = 2147483647;
			files = (
			);
			runOnlyForDeploymentPostprocessing = 0;
		};
/* End PBXResourcesBuildPhase section */

/* Begin PBXSourcesBuildPhase section */
		D5B451771CAE60B800713157 /* Sources */ = {
			isa = PBXSourcesBuildPhase;
			buildActionMask = 2147483647;
			files = (
				D5B451861CAE60B800713157 /* ViewController.m in Sources */,
				D5B451831CAE60B800713157 /* AppDelegate.m in Sources */,
				D5B451801CAE60B800713157 /* main.m in Sources */,
			);
			runOnlyForDeploymentPostprocessing = 0;
		};
		D5B451901CAE60B800713157 /* Sources */ = {
			isa = PBXSourcesBuildPhase;
			buildActionMask = 2147483647;
			files = (
				D5B451991CAE60B800713157 /* _0160401004_CoreAnimation_CAAnimationGroupTests.m in Sources */,
			);
			runOnlyForDeploymentPostprocessing = 0;
		};
		D5B4519B1CAE60B800713157 /* Sources */ = {
			isa = PBXSourcesBuildPhase;
			buildActionMask = 2147483647;
			files = (
				D5B451A41CAE60B800713157 /* _0160401004_CoreAnimation_CAAnimationGroupUITests.m in Sources */,
			);
			runOnlyForDeploymentPostprocessing = 0;
		};
/* End PBXSourcesBuildPhase section */

/* Begin PBXTargetDependency section */
		D5B451961CAE60B800713157 /* PBXTargetDependency */ = {
			isa = PBXTargetDependency;
			target = D5B4517A1CAE60B800713157 /* 20160401004-CoreAnimation-CAAnimationGroup */;
			targetProxy = D5B451951CAE60B800713157 /* PBXContainerItemProxy */;
		};
		D5B451A11CAE60B800713157 /* PBXTargetDependency */ = {
			isa = PBXTargetDependency;
			target = D5B4517A1CAE60B800713157 /* 20160401004-CoreAnimation-CAAnimationGroup */;
			targetProxy = D5B451A01CAE60B800713157 /* PBXContainerItemProxy */;
		};
/* End PBXTargetDependency section */

/* Begin PBXVariantGroup section */
		D5B451871CAE60B800713157 /* Main.storyboard */ = {
			isa = PBXVariantGroup;
			children = (
				D5B451881CAE60B800713157 /* Base */,
			);
			name = Main.storyboard;
			sourceTree = "<group>";
		};
		D5B4518C1CAE60B800713157 /* LaunchScreen.storyboard */ = {
			isa = PBXVariantGroup;
			children = (
				D5B4518D1CAE60B800713157 /* Base */,
			);
			name = LaunchScreen.storyboard;
			sourceTree = "<group>";
		};
/* End PBXVariantGroup section */

/* Begin XCBuildConfiguration section */
		D5B451A61CAE60B800713157 /* Debug */ = {
			isa = XCBuildConfiguration;
			buildSettings = {
				ALWAYS_SEARCH_USER_PATHS = NO;
				CLANG_ANALYZER_NONNULL = YES;
				CLANG_CXX_LANGUAGE_STANDARD = "gnu++0x";
				CLANG_CXX_LIBRARY = "libc++";
				CLANG_ENABLE_MODULES = YES;
				CLANG_ENABLE_OBJC_ARC = YES;
				CLANG_WARN_BOOL_CONVERSION = YES;
				CLANG_WARN_CONSTANT_CONVERSION = YES;
				CLANG_WARN_DIRECT_OBJC_ISA_USAGE = YES_ERROR;
				CLANG_WARN_EMPTY_BODY = YES;
				CLANG_WARN_ENUM_CONVERSION = YES;
				CLANG_WARN_INT_CONVERSION = YES;
				CLANG_WARN_OBJC_ROOT_CLASS = YES_ERROR;
				CLANG_WARN_UNREACHABLE_CODE = YES;
				CLANG_WARN__DUPLICATE_METHOD_MATCH = YES;
				"CODE_SIGN_IDENTITY[sdk=iphoneos*]" = "iPhone Developer";
				COPY_PHASE_STRIP = NO;
				DEBUG_INFORMATION_FORMAT = dwarf;
				ENABLE_STRICT_OBJC_MSGSEND = YES;
				ENABLE_TESTABILITY = YES;
				GCC_C_LANGUAGE_STANDARD = gnu99;
				GCC_DYNAMIC_NO_PIC = NO;
				GCC_NO_COMMON_BLOCKS = YES;
				GCC_OPTIMIZATION_LEVEL = 0;
				GCC_PREPROCESSOR_DEFINITIONS = (
					"DEBUG=1",
					"$(inherited)",
				);
				GCC_WARN_64_TO_32_BIT_CONVERSION = YES;
				GCC_WARN_ABOUT_RETURN_TYPE = YES_ERROR;
				GCC_WARN_UNDECLARED_SELECTOR = YES;
				GCC_WARN_UNINITIALIZED_AUTOS = YES_AGGRESSIVE;
				GCC_WARN_UNUSED_FUNCTION = YES;
				GCC_WARN_UNUSED_VARIABLE = YES;
				IPHONEOS_DEPLOYMENT_TARGET = 9.3;
				MTL_ENABLE_DEBUG_INFO = YES;
				ONLY_ACTIVE_ARCH = YES;
				SDKROOT = iphoneos;
			};
			name = Debug;
		};
		D5B451A71CAE60B800713157 /* Release */ = {
			isa = XCBuildConfiguration;
			buildSettings = {
				ALWAYS_SEARCH_USER_PATHS = NO;
				CLANG_ANALYZER_NONNULL = YES;
				CLANG_CXX_LANGUAGE_STANDARD = "gnu++0x";
				CLANG_CXX_LIBRARY = "libc++";
				CLANG_ENABLE_MODULES = YES;
				CLANG_ENABLE_OBJC_ARC = YES;
				CLANG_WARN_BOOL_CONVERSION = YES;
				CLANG_WARN_CONSTANT_CONVERSION = YES;
				CLANG_WARN_DIRECT_OBJC_ISA_USAGE = YES_ERROR;
				CLANG_WARN_EMPTY_BODY = YES;
				CLANG_WARN_ENUM_CONVERSION = YES;
				CLANG_WARN_INT_CONVERSION = YES;
				CLANG_WARN_OBJC_ROOT_CLASS = YES_ERROR;
				CLANG_WARN_UNREACHABLE_CODE = YES;
				CLANG_WARN__DUPLICATE_METHOD_MATCH = YES;
				"CODE_SIGN_IDENTITY[sdk=iphoneos*]" = "iPhone Developer";
				COPY_PHASE_STRIP = NO;
				DEBUG_INFORMATION_FORMAT = "dwarf-with-dsym";
				ENABLE_NS_ASSERTIONS = NO;
				ENABLE_STRICT_OBJC_MSGSEND = YES;
				GCC_C_LANGUAGE_STANDARD = gnu99;
				GCC_NO_COMMON_BLOCKS = YES;
				GCC_WARN_64_TO_32_BIT_CONVERSION = YES;
				GCC_WARN_ABOUT_RETURN_TYPE = YES_ERROR;
				GCC_WARN_UNDECLARED_SELECTOR = YES;
				GCC_WARN_UNINITIALIZED_AUTOS = YES_AGGRESSIVE;
				GCC_WARN_UNUSED_FUNCTION = YES;
				GCC_WARN_UNUSED_VARIABLE = YES;
				IPHONEOS_DEPLOYMENT_TARGET = 9.3;
				MTL_ENABLE_DEBUG_INFO = NO;
				SDKROOT = iphoneos;
				VALIDATE_PRODUCT = YES;
			};
			name = Release;
		};
		D5B451A91CAE60B800713157 /* Debug */ = {
			isa = XCBuildConfiguration;
			buildSettings = {
				ASSETCATALOG_COMPILER_APPICON_NAME = AppIcon;
				INFOPLIST_FILE = "20160401004-CoreAnimation-CAAnimationGroup/Info.plist";
				LD_RUNPATH_SEARCH_PATHS = "$(inherited) @executable_path/Frameworks";
				PRODUCT_BUNDLE_IDENTIFIER = "com.rainer.-0160401004-CoreAnimation-CAAnimationGroup";
				PRODUCT_NAME = "$(TARGET_NAME)";
			};
			name = Debug;
		};
		D5B451AA1CAE60B800713157 /* Release */ = {
			isa = XCBuildConfiguration;
			buildSettings = {
				ASSETCATALOG_COMPILER_APPICON_NAME = AppIcon;
				INFOPLIST_FILE = "20160401004-CoreAnimation-CAAnimationGroup/Info.plist";
				LD_RUNPATH_SEARCH_PATHS = "$(inherited) @executable_path/Frameworks";
				PRODUCT_BUNDLE_IDENTIFIER = "com.rainer.-0160401004-CoreAnimation-CAAnimationGroup";
				PRODUCT_NAME = "$(TARGET_NAME)";
			};
			name = Release;
		};
		D5B451AC1CAE60B800713157 /* Debug */ = {
			isa = XCBuildConfiguration;
			buildSettings = {
				BUNDLE_LOADER = "$(TEST_HOST)";
				INFOPLIST_FILE = "20160401004-CoreAnimation-CAAnimationGroupTests/Info.plist";
				LD_RUNPATH_SEARCH_PATHS = "$(inherited) @executable_path/Frameworks @loader_path/Frameworks";
				PRODUCT_BUNDLE_IDENTIFIER = "com.rainer.-0160401004-CoreAnimation-CAAnimationGroupTests";
				PRODUCT_NAME = "$(TARGET_NAME)";
				TEST_HOST = "$(BUILT_PRODUCTS_DIR)/20160401004-CoreAnimation-CAAnimationGroup.app/20160401004-CoreAnimation-CAAnimationGroup";
			};
			name = Debug;
		};
		D5B451AD1CAE60B800713157 /* Release */ = {
			isa = XCBuildConfiguration;
			buildSettings = {
				BUNDLE_LOADER = "$(TEST_HOST)";
				INFOPLIST_FILE = "20160401004-CoreAnimation-CAAnimationGroupTests/Info.plist";
				LD_RUNPATH_SEARCH_PATHS = "$(inherited) @executable_path/Frameworks @loader_path/Frameworks";
				PRODUCT_BUNDLE_IDENTIFIER = "com.rainer.-0160401004-CoreAnimation-CAAnimationGroupTests";
				PRODUCT_NAME = "$(TARGET_NAME)";
				TEST_HOST = "$(BUILT_PRODUCTS_DIR)/20160401004-CoreAnimation-CAAnimationGroup.app/20160401004-CoreAnimation-CAAnimationGroup";
			};
			name = Release;
		};
		D5B451AF1CAE60B800713157 /* Debug */ = {
			isa = XCBuildConfiguration;
			buildSettings = {
				INFOPLIST_FILE = "20160401004-CoreAnimation-CAAnimationGroupUITests/Info.plist";
				LD_RUNPATH_SEARCH_PATHS = "$(inherited) @executable_path/Frameworks @loader_path/Frameworks";
				PRODUCT_BUNDLE_IDENTIFIER = "com.rainer.-0160401004-CoreAnimation-CAAnimationGroupUITests";
				PRODUCT_NAME = "$(TARGET_NAME)";
				TEST_TARGET_NAME = "20160401004-CoreAnimation-CAAnimationGroup";
			};
			name = Debug;
		};
		D5B451B01CAE60B800713157 /* Release */ = {
			isa = XCBuildConfiguration;
			buildSettings = {
				INFOPLIST_FILE = "20160401004-CoreAnimation-CAAnimationGroupUITests/Info.plist";
				LD_RUNPATH_SEARCH_PATHS = "$(inherited) @executable_path/Frameworks @loader_path/Frameworks";
				PRODUCT_BUNDLE_IDENTIFIER = "com.rainer.-0160401004-CoreAnimation-CAAnimationGroupUITests";
				PRODUCT_NAME = "$(TARGET_NAME)";
				TEST_TARGET_NAME = "20160401004-CoreAnimation-CAAnimationGroup";
			};
			name = Release;
		};
/* End XCBuildConfiguration section */

/* Begin XCConfigurationList section */
		D5B451761CAE60B800713157 /* Build configuration list for PBXProject "20160401004-CoreAnimation-CAAnimationGroup" */ = {
			isa = XCConfigurationList;
			buildConfigurations = (
				D5B451A61CAE60B800713157 /* Debug */,
				D5B451A71CAE60B800713157 /* Release */,
			);
			defaultConfigurationIsVisible = 0;
			defaultConfigurationName = Release;
		};
		D5B451A81CAE60B800713157 /* Build configuration list for PBXNativeTarget "20160401004-CoreAnimation-CAAnimationGroup" */ = {
			isa = XCConfigurationList;
			buildConfigurations = (
				D5B451A91CAE60B800713157 /* Debug */,
				D5B451AA1CAE60B800713157 /* Release */,
			);
			defaultConfigurationIsVisible = 0;
		};
		D5B451AB1CAE60B800713157 /* Build configuration list for PBXNativeTarget "20160401004-CoreAnimation-CAAnimationGroupTests" */ = {
			isa = XCConfigurationList;
			buildConfigurations = (
				D5B451AC1CAE60B800713157 /* Debug */,
				D5B451AD1CAE60B800713157 /* Release */,
			);
			defaultConfigurationIsVisible = 0;
		};
		D5B451AE1CAE60B800713157 /* Build configuration list for PBXNativeTarget "20160401004-CoreAnimation-CAAnimationGroupUITests" */ = {
			isa = XCConfigurationList;
			buildConfigurations = (
				D5B451AF1CAE60B800713157 /* Debug */,
				D5B451B01CAE60B800713157 /* Release */,
			);
			defaultConfigurationIsVisible = 0;
		};
/* End XCConfigurationList section */
	};
	rootObject = D5B451731CAE60B800713157 /* Project object */;
}
